
Microsoft Visual Studio Solution File, Format Version 12.00
# Visual Studio Version 17
VisualStudioVersion = 17.8.34408.163
MinimumVisualStudioVersion = 10.0.40219.1
Project("{FAE04EC0-301F-11D3-BF4B-00C04F79EFBC}") = "WorldSimulation", "WorldSimulation\WorldSimulation.csproj", "{D1F8C726-F2FB-459B-820C-AEAE2E5FE80A}"
EndProject
Project("{FAE04EC0-301F-11D3-BF4B-00C04F79EFBC}") = "WorldSimulationForm", "WorldSimulationForm\WorldSimulationForm.csproj", "{DFE64FEB-BC8E-441B-BF65-2912EA90BC4F}"
EndProject
Project("{FAE04EC0-301F-11D3-BF4B-00C04F79EFBC}") = "RandomExtension", "RandomExtension\RandomExtension.csproj", "{6E57F1AF-982F-48B9-8582-13DC76C2042F}"
EndProject
Project("{FAE04EC0-301F-11D3-BF4B-00C04F79EFBC}") = "Utilities", "Utilities\Utilities.csproj", "{DB83F720-CBF9-4BFA-BCCD-3095313713A7}"
EndProject
Project("{FAE04EC0-301F-11D3-BF4B-00C04F79EFBC}") = "Parameters", "Parameters\Parameters.csproj", "{B01908B2-EB0C-4DCA-838C-4917225D75D5}"
EndProject
Project("{FAE04EC0-301F-11D3-BF4B-00C04F79EFBC}") = "Topology", "Topology\Topology.csproj", "{7C013094-5D8A-445E-A23B-F363A7E5CE53}"
EndProject
Project("{FAE04EC0-301F-11D3-BF4B-00C04F79EFBC}") = "PointLocation", "PointLocation\PointLocation.csproj", "{9E688A81-87FF-462F-8BBA-A3EF71473C98}"
EndProject
Project("{FAE04EC0-301F-11D3-BF4B-00C04F79EFBC}") = "PointLocationForm", "PointLocationForm\PointLocationForm.csproj", "{3E4169A0-50A2-4E71-8149-62FCB782375C}"
EndProject
Project("{FAE04EC0-301F-11D3-BF4B-00C04F79EFBC}") = "PerlinNoise", "PerlinNoise\PerlinNoise.csproj", "{4DA84842-E80E-031D-A9B4-4A2BFFB78B3D}"
EndProject
Global
	GlobalSection(SolutionConfigurationPlatforms) = preSolution
		Debug|Any CPU = Debug|Any CPU
		Release|Any CPU = Release|Any CPU
	EndGlobalSection
	GlobalSection(ProjectConfigurationPlatforms) = postSolution
		{D1F8C726-F2FB-459B-820C-AEAE2E5FE80A}.Debug|Any CPU.ActiveCfg = Debug|Any CPU
		{D1F8C726-F2FB-459B-820C-AEAE2E5FE80A}.Debug|Any CPU.Build.0 = Debug|Any CPU
		{D1F8C726-F2FB-459B-820C-AEAE2E5FE80A}.Release|Any CPU.ActiveCfg = Release|Any CPU
		{D1F8C726-F2FB-459B-820C-AEAE2E5FE80A}.Release|Any CPU.Build.0 = Release|Any CPU
		{DFE64FEB-BC8E-441B-BF65-2912EA90BC4F}.Debug|Any CPU.ActiveCfg = Debug|Any CPU
		{DFE64FEB-BC8E-441B-BF65-2912EA90BC4F}.Debug|Any CPU.Build.0 = Debug|Any CPU
		{DFE64FEB-BC8E-441B-BF65-2912EA90BC4F}.Release|Any CPU.ActiveCfg = Release|Any CPU
		{DFE64FEB-BC8E-441B-BF65-2912EA90BC4F}.Release|Any CPU.Build.0 = Release|Any CPU
		{6E57F1AF-982F-48B9-8582-13DC76C2042F}.Debug|Any CPU.ActiveCfg = Debug|Any CPU
		{6E57F1AF-982F-48B9-8582-13DC76C2042F}.Debug|Any CPU.Build.0 = Debug|Any CPU
		{6E57F1AF-982F-48B9-8582-13DC76C2042F}.Release|Any CPU.ActiveCfg = Release|Any CPU
		{6E57F1AF-982F-48B9-8582-13DC76C2042F}.Release|Any CPU.Build.0 = Release|Any CPU
		{DB83F720-CBF9-4BFA-BCCD-3095313713A7}.Debug|Any CPU.ActiveCfg = Debug|Any CPU
		{DB83F720-CBF9-4BFA-BCCD-3095313713A7}.Debug|Any CPU.Build.0 = Debug|Any CPU
		{DB83F720-CBF9-4BFA-BCCD-3095313713A7}.Release|Any CPU.ActiveCfg = Release|Any CPU
		{DB83F720-CBF9-4BFA-BCCD-3095313713A7}.Release|Any CPU.Build.0 = Release|Any CPU
		{B01908B2-EB0C-4DCA-838C-4917225D75D5}.Debug|Any CPU.ActiveCfg = Debug|Any CPU
		{B01908B2-EB0C-4DCA-838C-4917225D75D5}.Debug|Any CPU.Build.0 = Debug|Any CPU
		{B01908B2-EB0C-4DCA-838C-4917225D75D5}.Release|Any CPU.ActiveCfg = Release|Any CPU
		{B01908B2-EB0C-4DCA-838C-4917225D75D5}.Release|Any CPU.Build.0 = Release|Any CPU
		{7C013094-5D8A-445E-A23B-F363A7E5CE53}.Debug|Any CPU.ActiveCfg = Debug|Any CPU
		{7C013094-5D8A-445E-A23B-F363A7E5CE53}.Debug|Any CPU.Build.0 = Debug|Any CPU
		{7C013094-5D8A-445E-A23B-F363A7E5CE53}.Release|Any CPU.ActiveCfg = Release|Any CPU
		{7C013094-5D8A-445E-A23B-F363A7E5CE53}.Release|Any CPU.Build.0 = Release|Any CPU
		{9E688A81-87FF-462F-8BBA-A3EF71473C98}.Debug|Any CPU.ActiveCfg = Debug|Any CPU
		{9E688A81-87FF-462F-8BBA-A3EF71473C98}.Debug|Any CPU.Build.0 = Debug|Any CPU
		{9E688A81-87FF-462F-8BBA-A3EF71473C98}.Release|Any CPU.ActiveCfg = Release|Any CPU
		{9E688A81-87FF-462F-8BBA-A3EF71473C98}.Release|Any CPU.Build.0 = Release|Any CPU
		{3E4169A0-50A2-4E71-8149-62FCB782375C}.Debug|Any CPU.ActiveCfg = Debug|Any CPU
		{3E4169A0-50A2-4E71-8149-62FCB782375C}.Debug|Any CPU.Build.0 = Debug|Any CPU
		{3E4169A0-50A2-4E71-8149-62FCB782375C}.Release|Any CPU.ActiveCfg = Release|Any CPU
		{3E4169A0-50A2-4E71-8149-62FCB782375C}.Release|Any CPU.Build.0 = Release|Any CPU
		{4DA84842-E80E-031D-A9B4-4A2BFFB78B3D}.Debug|Any CPU.ActiveCfg = Debug|Any CPU
		{4DA84842-E80E-031D-A9B4-4A2BFFB78B3D}.Debug|Any CPU.Build.0 = Debug|Any CPU
		{4DA84842-E80E-031D-A9B4-4A2BFFB78B3D}.Release|Any CPU.ActiveCfg = Release|Any CPU
		{4DA84842-E80E-031D-A9B4-4A2BFFB78B3D}.Release|Any CPU.Build.0 = Release|Any CPU
	EndGlobalSection
	GlobalSection(SolutionProperties) = preSolution
		HideSolutionNode = FALSE
	EndGlobalSection
	GlobalSection(ExtensibilityGlobals) = postSolution
		SolutionGuid = {D02F2861-827B-4592-8520-C0DCC46CB687}
	EndGlobalSection
EndGlobal
